
Microsoft Visual Studio Solution File, Format Version 12.00
# Visual Studio 14
VisualStudioVersion = 14.0.22823.1
MinimumVisualStudioVersion = 10.0.40219.1
Project("{2150E333-8FDC-42A3-9474-1A3956D46DE8}") = "src", "src", "{EBFAE4B6-81F9-4664-9C25-5C4E53267FCE}"
EndProject
Project("{2150E333-8FDC-42A3-9474-1A3956D46DE8}") = "Solution Items", "Solution Items", "{196E05BF-F9A5-46CD-8AC0-DD8753214534}"
	ProjectSection(SolutionItems) = preProject
		global.json = global.json
	EndProjectSection
EndProject
Project("{8BB2217D-0F2D-49D1-97BC-3654ED321F3B}") = "Storyboard.Web", "src\Storyboard.Web\Storyboard.Web.xproj", "{D429D3CE-8CC2-44F5-8392-BE9A7FF742E3}"
EndProject
Project("{2150E333-8FDC-42A3-9474-1A3956D46DE8}") = "test", "test", "{F82141D1-0D0E-4663-B68E-24509D9954E4}"
EndProject
Project("{8BB2217D-0F2D-49D1-97BC-3654ED321F3B}") = "Storyboard.Web.Tests", "test\Storyboard.Web.Tests\Storyboard.Web.Tests.xproj", "{82A28847-07C0-4B58-B4F2-D18E27EE90F9}"
EndProject
Project("{8BB2217D-0F2D-49D1-97BC-3654ED321F3B}") = "Storyboard.Domain", "src\Storyboard.Domain\Storyboard.Domain.xproj", "{61FD5856-FB3B-483B-ACAD-4C224947DB07}"
EndProject
Project("{8BB2217D-0F2D-49D1-97BC-3654ED321F3B}") = "Storyboard.Domain.Tests", "test\Storyboard.Domain.Tests\Storyboard.Domain.Tests.xproj", "{93623A23-4010-477D-BFCC-2CDFEF84C20B}"
EndProject
Project("{8BB2217D-0F2D-49D1-97BC-3654ED321F3B}") = "Storyboard.Data", "src\Storyboard.Data\Storyboard.Data.xproj", "{5DCFE956-EA7C-472E-B811-91B81C7FABDA}"
EndProject
Project("{2150E333-8FDC-42A3-9474-1A3956D46DE8}") = "data", "data", "{37A9F59B-28C4-4C85-843F-2BC0397A5F37}"
EndProject
Project("{00D1A9C2-B5F0-4AF3-8072-F6C62B433612}") = "Storyboard.Database", "data\Storyboard.Database\Storyboard.Database.sqlproj", "{1DA4C54A-49A1-452B-8F30-0D504B0C39BC}"
EndProject
Project("{8BB2217D-0F2D-49D1-97BC-3654ED321F3B}") = "Storyboard.Data.Tests", "test\Storyboard.Data.Tests\Storyboard.Data.Tests.xproj", "{D8240C6B-673D-4D23-84C3-6C4B57935B56}"
EndProject
Global
	GlobalSection(SolutionConfigurationPlatforms) = preSolution
		Debug|Any CPU = Debug|Any CPU
		Release|Any CPU = Release|Any CPU
	EndGlobalSection
	GlobalSection(ProjectConfigurationPlatforms) = postSolution
		{D429D3CE-8CC2-44F5-8392-BE9A7FF742E3}.Debug|Any CPU.ActiveCfg = Debug|Any CPU
		{D429D3CE-8CC2-44F5-8392-BE9A7FF742E3}.Debug|Any CPU.Build.0 = Debug|Any CPU
		{D429D3CE-8CC2-44F5-8392-BE9A7FF742E3}.Release|Any CPU.ActiveCfg = Release|Any CPU
		{D429D3CE-8CC2-44F5-8392-BE9A7FF742E3}.Release|Any CPU.Build.0 = Release|Any CPU
		{82A28847-07C0-4B58-B4F2-D18E27EE90F9}.Debug|Any CPU.ActiveCfg = Debug|Any CPU
		{82A28847-07C0-4B58-B4F2-D18E27EE90F9}.Debug|Any CPU.Build.0 = Debug|Any CPU
		{82A28847-07C0-4B58-B4F2-D18E27EE90F9}.Release|Any CPU.ActiveCfg = Release|Any CPU
		{82A28847-07C0-4B58-B4F2-D18E27EE90F9}.Release|Any CPU.Build.0 = Release|Any CPU
		{61FD5856-FB3B-483B-ACAD-4C224947DB07}.Debug|Any CPU.ActiveCfg = Debug|Any CPU
		{61FD5856-FB3B-483B-ACAD-4C224947DB07}.Debug|Any CPU.Build.0 = Debug|Any CPU
		{61FD5856-FB3B-483B-ACAD-4C224947DB07}.Release|Any CPU.ActiveCfg = Release|Any CPU
		{61FD5856-FB3B-483B-ACAD-4C224947DB07}.Release|Any CPU.Build.0 = Release|Any CPU
		{93623A23-4010-477D-BFCC-2CDFEF84C20B}.Debug|Any CPU.ActiveCfg = Debug|Any CPU
		{93623A23-4010-477D-BFCC-2CDFEF84C20B}.Debug|Any CPU.Build.0 = Debug|Any CPU
		{93623A23-4010-477D-BFCC-2CDFEF84C20B}.Release|Any CPU.ActiveCfg = Release|Any CPU
		{93623A23-4010-477D-BFCC-2CDFEF84C20B}.Release|Any CPU.Build.0 = Release|Any CPU
		{5DCFE956-EA7C-472E-B811-91B81C7FABDA}.Debug|Any CPU.ActiveCfg = Debug|Any CPU
		{5DCFE956-EA7C-472E-B811-91B81C7FABDA}.Debug|Any CPU.Build.0 = Debug|Any CPU
		{5DCFE956-EA7C-472E-B811-91B81C7FABDA}.Release|Any CPU.ActiveCfg = Release|Any CPU
		{5DCFE956-EA7C-472E-B811-91B81C7FABDA}.Release|Any CPU.Build.0 = Release|Any CPU
		{1DA4C54A-49A1-452B-8F30-0D504B0C39BC}.Debug|Any CPU.ActiveCfg = Debug|Any CPU
		{1DA4C54A-49A1-452B-8F30-0D504B0C39BC}.Debug|Any CPU.Build.0 = Debug|Any CPU
		{1DA4C54A-49A1-452B-8F30-0D504B0C39BC}.Debug|Any CPU.Deploy.0 = Debug|Any CPU
		{1DA4C54A-49A1-452B-8F30-0D504B0C39BC}.Release|Any CPU.ActiveCfg = Release|Any CPU
		{1DA4C54A-49A1-452B-8F30-0D504B0C39BC}.Release|Any CPU.Build.0 = Release|Any CPU
		{1DA4C54A-49A1-452B-8F30-0D504B0C39BC}.Release|Any CPU.Deploy.0 = Release|Any CPU
		{D8240C6B-673D-4D23-84C3-6C4B57935B56}.Debug|Any CPU.ActiveCfg = Debug|Any CPU
		{D8240C6B-673D-4D23-84C3-6C4B57935B56}.Debug|Any CPU.Build.0 = Debug|Any CPU
		{D8240C6B-673D-4D23-84C3-6C4B57935B56}.Release|Any CPU.ActiveCfg = Release|Any CPU
		{D8240C6B-673D-4D23-84C3-6C4B57935B56}.Release|Any CPU.Build.0 = Release|Any CPU
	EndGlobalSection
	GlobalSection(SolutionProperties) = preSolution
		HideSolutionNode = FALSE
	EndGlobalSection
	GlobalSection(NestedProjects) = preSolution
		{D429D3CE-8CC2-44F5-8392-BE9A7FF742E3} = {EBFAE4B6-81F9-4664-9C25-5C4E53267FCE}
		{82A28847-07C0-4B58-B4F2-D18E27EE90F9} = {F82141D1-0D0E-4663-B68E-24509D9954E4}
		{61FD5856-FB3B-483B-ACAD-4C224947DB07} = {EBFAE4B6-81F9-4664-9C25-5C4E53267FCE}
		{93623A23-4010-477D-BFCC-2CDFEF84C20B} = {F82141D1-0D0E-4663-B68E-24509D9954E4}
		{5DCFE956-EA7C-472E-B811-91B81C7FABDA} = {EBFAE4B6-81F9-4664-9C25-5C4E53267FCE}
		{1DA4C54A-49A1-452B-8F30-0D504B0C39BC} = {37A9F59B-28C4-4C85-843F-2BC0397A5F37}
		{D8240C6B-673D-4D23-84C3-6C4B57935B56} = {F82141D1-0D0E-4663-B68E-24509D9954E4}
	EndGlobalSection
EndGlobal
